// !$*UTF8*$!
{
	archiveVersion = 1;
	classes = {
	};
	objectVersion = 50;
	objects = {

/* Begin PBXBuildFile section */
		445C1A4B2369C033003B6CBC /* AppDelegate.swift in Sources */ = {isa = PBXBuildFile; fileRef = 445C1A4A2369C033003B6CBC /* AppDelegate.swift */; };
		445C1A4D2369C033003B6CBC /* SceneDelegate.swift in Sources */ = {isa = PBXBuildFile; fileRef = 445C1A4C2369C033003B6CBC /* SceneDelegate.swift */; };
		445C1A4F2369C033003B6CBC /* ContentView.swift in Sources */ = {isa = PBXBuildFile; fileRef = 445C1A4E2369C033003B6CBC /* ContentView.swift */; };
		445C1A512369C035003B6CBC /* Assets.xcassets in Resources */ = {isa = PBXBuildFile; fileRef = 445C1A502369C035003B6CBC /* Assets.xcassets */; };
		445C1A542369C035003B6CBC /* Preview Assets.xcassets in Resources */ = {isa = PBXBuildFile; fileRef = 445C1A532369C035003B6CBC /* Preview Assets.xcassets */; };
		445C1A572369C035003B6CBC /* LaunchScreen.storyboard in Resources */ = {isa = PBXBuildFile; fileRef = 445C1A552369C035003B6CBC /* LaunchScreen.storyboard */; };
/* End PBXBuildFile section */

/* Begin PBXFileReference section */
		445C1A472369C033003B6CBC /* SwiftUISplit.app */ = {isa = PBXFileReference; explicitFileType = wrapper.application; includeInIndex = 0; path = SwiftUISplit.app; sourceTree = BUILT_PRODUCTS_DIR; };
		445C1A4A2369C033003B6CBC /* AppDelegate.swift */ = {isa = PBXFileReference; lastKnownFileType = sourcecode.swift; path = AppDelegate.swift; sourceTree = "<group>"; };
		445C1A4C2369C033003B6CBC /* SceneDelegate.swift */ = {isa = PBXFileReference; lastKnownFileType = sourcecode.swift; path = SceneDelegate.swift; sourceTree = "<group>"; };
		445C1A4E2369C033003B6CBC /* ContentView.swift */ = {isa = PBXFileReference; lastKnownFileType = sourcecode.swift; path = ContentView.swift; sourceTree = "<group>"; };
		445C1A502369C035003B6CBC /* Assets.xcassets */ = {isa = PBXFileReference; lastKnownFileType = folder.assetcatalog; path = Assets.xcassets; sourceTree = "<group>"; };
		445C1A532369C035003B6CBC /* Preview Assets.xcassets */ = {isa = PBXFileReference; lastKnownFileType = folder.assetcatalog; path = "Preview Assets.xcassets"; sourceTree = "<group>"; };
		445C1A562369C035003B6CBC /* Base */ = {isa = PBXFileReference; lastKnownFileType = file.storyboard; name = Base; path = Base.lproj/LaunchScreen.storyboard; sourceTree = "<group>"; };
		445C1A582369C035003B6CBC /* Info.plist */ = {isa = PBXFileReference; lastKnownFileType = text.plist.xml; path = Info.plist; sourceTree = "<group>"; };
/* End PBXFileReference section */

/* Begin PBXFrameworksBuildPhase section */
		445C1A442369C033003B6CBC /* Frameworks */ = {
			isa = PBXFrameworksBuildPhase;
			buildActionMask = 2147483647;
			files = (
			);
			runOnlyForDeploymentPostprocessing = 0;
		};
/* End PBXFrameworksBuildPhase section */

/* Begin PBXGroup section */
		445C1A3E2369C033003B6CBC = {
			isa = PBXGroup;
			children = (
				445C1A492369C033003B6CBC /* SwiftUISplit */,
				445C1A482369C033003B6CBC /* Products */,
			);
			sourceTree = "<group>";
		};
		445C1A482369C033003B6CBC /* Products */ = {
			isa = PBXGroup;
			children = (
				445C1A472369C033003B6CBC /* SwiftUISplit.app */,
			);
			name = Products;
			sourceTree = "<group>";
		};
		445C1A492369C033003B6CBC /* SwiftUISplit */ = {
			isa = PBXGroup;
			children = (
				445C1A4A2369C033003B6CBC /* AppDelegate.swift */,
				445C1A4C2369C033003B6CBC /* SceneDelegate.swift */,
				445C1A4E2369C033003B6CBC /* ContentView.swift */,
				445C1A502369C035003B6CBC /* Assets.xcassets */,
				445C1A552369C035003B6CBC /* LaunchScreen.storyboard */,
				445C1A582369C035003B6CBC /* Info.plist */,
				445C1A522369C035003B6CBC /* Preview Content */,
			);
			path = SwiftUISplit;
			sourceTree = "<group>";
		};
		445C1A522369C035003B6CBC /* Preview Content */ = {
			isa = PBXGroup;
			children = (
				445C1A532369C035003B6CBC /* Preview Assets.xcassets */,
			);
			path = "Preview Content";
			sourceTree = "<group>";
		};
/* End PBXGroup section */

/* Begin PBXNativeTarget section */
		445C1A462369C033003B6CBC /* SwiftUISplit */ = {
			isa = PBXNativeTarget;
			buildConfigurationList = 445C1A5B2369C035003B6CBC /* Build configuration list for PBXNativeTarget "SwiftUISplit" */;
			buildPhases = (
				445C1A432369C033003B6CBC /* Sources */,
				445C1A442369C033003B6CBC /* Frameworks */,
				445C1A452369C033003B6CBC /* Resources */,
			);
			buildRules = (
			);
			dependencies = (
			);
			name = SwiftUISplit;
			productName = SwiftUISplit;
			productReference = 445C1A472369C033003B6CBC /* SwiftUISplit.app */;
			productType = "com.apple.product-type.application";
		};
/* End PBXNativeTarget section */

/* Begin PBXProject section */
		445C1A3F2369C033003B6CBC /* Project object */ = {
			isa = PBXProject;
			attributes = {
				LastSwiftUpdateCheck = 1110;
				LastUpgradeCheck = 1110;
				ORGANIZATIONNAME = Mati;
				TargetAttributes = {
					445C1A462369C033003B6CBC = {
						CreatedOnToolsVersion = 11.1;
					};
				};
			};
			buildConfigurationList = 445C1A422369C033003B6CBC /* Build configuration list for PBXProject "SwiftUISplit" */;
			compatibilityVersion = "Xcode 9.3";
			developmentRegion = en;
			hasScannedForEncodings = 0;
			knownRegions = (
				en,
				Base,
			);
			mainGroup = 445C1A3E2369C033003B6CBC;
			productRefGroup = 445C1A482369C033003B6CBC /* Products */;
			projectDirPath = "";
			projectRoot = "";
			targets = (
				445C1A462369C033003B6CBC /* SwiftUISplit */,
			);
		};
/* End PBXProject section */

/* Begin PBXResourcesBuildPhase section */
		445C1A452369C033003B6CBC /* Resources */ = {
			isa = PBXResourcesBuildPhase;
			buildActionMask = 2147483647;
			files = (
				445C1A572369C035003B6CBC /* LaunchScreen.storyboard in Resources */,
				445C1A542369C035003B6CBC /* Preview Assets.xcassets in Resources */,
				445C1A512369C035003B6CBC /* Assets.xcassets in Resources */,
			);
			runOnlyForDeploymentPostprocessing = 0;
		};
/* End PBXResourcesBuildPhase section */

/* Begin PBXSourcesBuildPhase section */
		445C1A432369C033003B6CBC /* Sources */ = {
			isa = PBXSourcesBuildPhase;
			buildActionMask = 2147483647;
			files = (
				445C1A4B2369C033003B6CBC /* AppDelegate.swift in Sources */,
				445C1A4D2369C033003B6CBC /* SceneDelegate.swift in Sources */,
				445C1A4F2369C033003B6CBC /* ContentView.swift in Sources */,
			);
			runOnlyForDeploymentPostprocessing = 0;
		};
/* End PBXSourcesBuildPhase section */

/* Begin PBXVariantGroup section */
		445C1A552369C035003B6CBC /* LaunchScreen.storyboard */ = {
			isa = PBXVariantGroup;
			children = (
				445C1A562369C035003B6CBC /* Base */,
			);
			name = LaunchScreen.storyboard;
			sourceTree = "<group>";
		};
/* End PBXVariantGroup section */

/* Begin XCBuildConfiguration section */
		445C1A592369C035003B6CBC /* Debug */ = {
			isa = XCBuildConfiguration;
			buildSettings = {
				ALWAYS_SEARCH_USER_PATHS = NO;
				CLANG_ANALYZER_NONNULL = YES;
				CLANG_ANALYZER_NUMBER_OBJECT_CONVERSION = YES_AGGRESSIVE;
				CLANG_CXX_LANGUAGE_STANDARD = "gnu++14";
				CLANG_CXX_LIBRARY = "libc++";
				CLANG_ENABLE_MODULES = YES;
				CLANG_ENABLE_OBJC_ARC = YES;
				CLANG_ENABLE_OBJC_WEAK = YES;
				CLANG_WARN_BLOCK_CAPTURE_AUTORELEASING = YES;
				CLANG_WARN_BOOL_CONVERSION = YES;
				CLANG_WARN_COMMA = YES;
				CLANG_WARN_CONSTANT_CONVERSION = YES;
				CLANG_WARN_DEPRECATED_OBJC_IMPLEMENTATIONS = YES;
				CLANG_WARN_DIRECT_OBJC_ISA_USAGE = YES_ERROR;
				CLANG_WARN_DOCUMENTATION_COMMENTS = YES;
				CLANG_WARN_EMPTY_BODY = YES;
				CLANG_WARN_ENUM_CONVERSION = YES;
				CLANG_WARN_INFINITE_RECURSION = YES;
				CLANG_WARN_INT_CONVERSION = YES;
				CLANG_WARN_NON_LITERAL_NULL_CONVERSION = YES;
				CLANG_WARN_OBJC_IMPLICIT_RETAIN_SELF = YES;
				CLANG_WARN_OBJC_LITERAL_CONVERSION = YES;
				CLANG_WARN_OBJC_ROOT_CLASS = YES_ERROR;
				CLANG_WARN_RANGE_LOOP_ANALYSIS = YES;
				CLANG_WARN_STRICT_PROTOTYPES = YES;
				CLANG_WARN_SUSPICIOUS_MOVE = YES;
				CLANG_WARN_UNGUARDED_AVAILABILITY = YES_AGGRESSIVE;
				CLANG_WARN_UNREACHABLE_CODE = YES;
				CLANG_WARN__DUPLICATE_METHOD_MATCH = YES;
				COPY_PHASE_STRIP = NO;
				DEBUG_INFORMATION_FORMAT = dwarf;
				ENABLE_STRICT_OBJC_MSGSEND = YES;
				ENABLE_TESTABILITY = YES;
				GCC_C_LANGUAGE_STANDARD = gnu11;
				GCC_DYNAMIC_NO_PIC = NO;
				GCC_NO_COMMON_BLOCKS = YES;
				GCC_OPTIMIZATION_LEVEL = 0;
				GCC_PREPROCESSOR_DEFINITIONS = (
					"DEBUG=1",
					"$(inherited)",
				);
				GCC_WARN_64_TO_32_BIT_CONVERSION = YES;
				GCC_WARN_ABOUT_RETURN_TYPE = YES_ERROR;
				GCC_WARN_UNDECLARED_SELECTOR = YES;
				GCC_WARN_UNINITIALIZED_AUTOS = YES_AGGRESSIVE;
				GCC_WARN_UNUSED_FUNCTION = YES;
				GCC_WARN_UNUSED_VARIABLE = YES;
				IPHONEOS_DEPLOYMENT_TARGET = 13.1;
				MTL_ENABLE_DEBUG_INFO = INCLUDE_SOURCE;
				MTL_FAST_MATH = YES;
				ONLY_ACTIVE_ARCH = YES;
				SDKROOT = iphoneos;
				SWIFT_ACTIVE_COMPILATION_CONDITIONS = DEBUG;
				SWIFT_OPTIMIZATION_LEVEL = "-Onone";
			};
			name = Debug;
		};
		445C1A5A2369C035003B6CBC /* Release */ = {
			isa = XCBuildConfiguration;
			buildSettings = {
				ALWAYS_SEARCH_USER_PATHS = NO;
				CLANG_ANALYZER_NONNULL = YES;
				CLANG_ANALYZER_NUMBER_OBJECT_CONVERSION = YES_AGGRESSIVE;
				CLANG_CXX_LANGUAGE_STANDARD = "gnu++14";
				CLANG_CXX_LIBRARY = "libc++";
				CLANG_ENABLE_MODULES = YES;
				CLANG_ENABLE_OBJC_ARC = YES;
				CLANG_ENABLE_OBJC_WEAK = YES;
				CLANG_WARN_BLOCK_CAPTURE_AUTORELEASING = YES;
				CLANG_WARN_BOOL_CONVERSION = YES;
				CLANG_WARN_COMMA = YES;
				CLANG_WARN_CONSTANT_CONVERSION = YES;
				CLANG_WARN_DEPRECATED_OBJC_IMPLEMENTATIONS = YES;
				CLANG_WARN_DIRECT_OBJC_ISA_USAGE = YES_ERROR;
				CLANG_WARN_DOCUMENTATION_COMMENTS = YES;
				CLANG_WARN_EMPTY_BODY = YES;
				CLANG_WARN_ENUM_CONVERSION = YES;
				CLANG_WARN_INFINITE_RECURSION = YES;
				CLANG_WARN_INT_CONVERSION = YES;
				CLANG_WARN_NON_LITERAL_NULL_CONVERSION = YES;
				CLANG_WARN_OBJC_IMPLICIT_RETAIN_SELF = YES;
				CLANG_WARN_OBJC_LITERAL_CONVERSION = YES;
				CLANG_WARN_OBJC_ROOT_CLASS = YES_ERROR;
				CLANG_WARN_RANGE_LOOP_ANALYSIS = YES;
				CLANG_WARN_STRICT_PROTOTYPES = YES;
				CLANG_WARN_SUSPICIOUS_MOVE = YES;
				CLANG_WARN_UNGUARDED_AVAILABILITY = YES_AGGRESSIVE;
				CLANG_WARN_UNREACHABLE_CODE = YES;
				CLANG_WARN__DUPLICATE_METHOD_MATCH = YES;
				COPY_PHASE_STRIP = NO;
				DEBUG_INFORMATION_FORMAT = "dwarf-with-dsym";
				ENABLE_NS_ASSERTIONS = NO;
				ENABLE_STRICT_OBJC_MSGSEND = YES;
				GCC_C_LANGUAGE_STANDARD = gnu11;
				GCC_NO_COMMON_BLOCKS = YES;
				GCC_WARN_64_TO_32_BIT_CONVERSION = YES;
				GCC_WARN_ABOUT_RETURN_TYPE = YES_ERROR;
				GCC_WARN_UNDECLARED_SELECTOR = YES;
				GCC_WARN_UNINITIALIZED_AUTOS = YES_AGGRESSIVE;
				GCC_WARN_UNUSED_FUNCTION = YES;
				GCC_WARN_UNUSED_VARIABLE = YES;
				IPHONEOS_DEPLOYMENT_TARGET = 13.1;
				MTL_ENABLE_DEBUG_INFO = NO;
				MTL_FAST_MATH = YES;
				SDKROOT = iphoneos;
				SWIFT_COMPILATION_MODE = wholemodule;
				SWIFT_OPTIMIZATION_LEVEL = "-O";
				VALIDATE_PRODUCT = YES;
			};
			name = Release;
		};
		445C1A5C2369C035003B6CBC /* Debug */ = {
			isa = XCBuildConfiguration;
			buildSettings = {
				ASSETCATALOG_COMPILER_APPICON_NAME = AppIcon;
				CODE_SIGN_STYLE = Automatic;
				DEVELOPMENT_ASSET_PATHS = "\"SwiftUISplit/Preview Content\"";
				DEVELOPMENT_TEAM = MWJDF2D947;
				ENABLE_PREVIEWS = YES;
				INFOPLIST_FILE = SwiftUISplit/Info.plist;
				LD_RUNPATH_SEARCH_PATHS = (
					"$(inherited)",
					"@executable_path/Frameworks",
				);
				PRODUCT_BUNDLE_IDENTIFIER = com.pgrsoft.SwiftUISplit;
				PRODUCT_NAME = "$(TARGET_NAME)";
				SWIFT_VERSION = 5.0;
				TARGETED_DEVICE_FAMILY = "1,2";
			};
			name = Debug;
		};
		445C1A5D2369C035003B6CBC /* Release */ = {
			isa = XCBuildConfiguration;
			buildSettings = {
				ASSETCATALOG_COMPILER_APPICON_NAME = AppIcon;
				CODE_SIGN_STYLE = Automatic;
				DEVELOPMENT_ASSET_PATHS = "\"SwiftUISplit/Preview Content\"";
				DEVELOPMENT_TEAM = MWJDF2D947;
				ENABLE_PREVIEWS = YES;
				INFOPLIST_FILE = SwiftUISplit/Info.plist;
				LD_RUNPATH_SEARCH_PATHS = (
					"$(inherited)",
					"@executable_path/Frameworks",
				);
				PRODUCT_BUNDLE_IDENTIFIER = com.pgrsoft.SwiftUISplit;
				PRODUCT_NAME = "$(TARGET_NAME)";
				SWIFT_VERSION = 5.0;
				TARGETED_DEVICE_FAMILY = "1,2";
			};
			name = Release;
		};
/* End XCBuildConfiguration section */

/* Begin XCConfigurationList section */
		445C1A422369C033003B6CBC /* Build configuration list for PBXProject "SwiftUISplit" */ = {
			isa = XCConfigurationList;
			buildConfigurations = (
				445C1A592369C035003B6CBC /* Debug */,
				445C1A5A2369C035003B6CBC /* Release */,
			);
			defaultConfigurationIsVisible = 0;
			defaultConfigurationName = Release;
		};
		445C1A5B2369C035003B6CBC /* Build configuration list for PBXNativeTarget "SwiftUISplit" */ = {
			isa = XCConfigurationList;
			buildConfigurations = (
				445C1A5C2369C035003B6CBC /* Debug */,
				445C1A5D2369C035003B6CBC /* Release */,
			);
			defaultConfigurationIsVisible = 0;
			defaultConfigurationName = Release;
		};
/* End XCConfigurationList section */
	};
	rootObject = 445C1A3F2369C033003B6CBC /* Project object */;
}
